{
  "name": "tstest",
  "version": "1.0.0",
  "lockfileVersion": 1,
  "requires": true,
  "dependencies": {
    "mobx": {
      "version": "5.8.0",
      "resolved": "https://registry.npmjs.org/mobx/-/mobx-5.8.0.tgz",
      "integrity": "sha512-NsZB+9bF5j+nv9Qwk6bNeE3np26a4TbTGkMpOLf6o1zXoM9BtHPQn/00px4uZ2AXJXtQML5P4MEWdMm6icMIfQ=="
    }
  }
}
